
Microsoft Visual Studio Solution File, Format Version 12.00
# Visual Studio Version 17
VisualStudioVersion = 17.6.33927.249
MinimumVisualStudioVersion = 10.0.40219.1
Project("{FAE04EC0-301F-11D3-BF4B-00C04F79EFBC}") = "LinesLib", "LinesLib\LinesLib.csproj", "{6F6B13A5-E082-4694-A472-71170850714C}"
EndProject
Project("{FAE04EC0-301F-11D3-BF4B-00C04F79EFBC}") = "LinesLibTest", "LinesLibTest\LinesLibTest.csproj", "{11E65E80-0C6B-4E46-973A-C5F07972D155}"
EndProject
Global
	GlobalSection(SolutionConfigurationPlatforms) = preSolution
		Debug|Any CPU = Debug|Any CPU
		Release|Any CPU = Release|Any CPU
	EndGlobalSection
	GlobalSection(ProjectConfigurationPlatforms) = postSolution
		{6F6B13A5-E082-4694-A472-71170850714C}.Debug|Any CPU.ActiveCfg = Debug|Any CPU
		{6F6B13A5-E082-4694-A472-71170850714C}.Debug|Any CPU.Build.0 = Debug|Any CPU
		{6F6B13A5-E082-4694-A472-71170850714C}.Release|Any CPU.ActiveCfg = Release|Any CPU
		{6F6B13A5-E082-4694-A472-71170850714C}.Release|Any CPU.Build.0 = Release|Any CPU
		{11E65E80-0C6B-4E46-973A-C5F07972D155}.Debug|Any CPU.ActiveCfg = Debug|Any CPU
		{11E65E80-0C6B-4E46-973A-C5F07972D155}.Debug|Any CPU.Build.0 = Debug|Any CPU
		{11E65E80-0C6B-4E46-973A-C5F07972D155}.Release|Any CPU.ActiveCfg = Release|Any CPU
		{11E65E80-0C6B-4E46-973A-C5F07972D155}.Release|Any CPU.Build.0 = Release|Any CPU
	EndGlobalSection
	GlobalSection(SolutionProperties) = preSolution
		HideSolutionNode = FALSE
	EndGlobalSection
	GlobalSection(ExtensibilityGlobals) = postSolution
		SolutionGuid = {4F1C5B4E-41BF-4C02-A05C-F464B40283A8}
	EndGlobalSection
EndGlobal
